<?xml version="1.0" encoding="utf-8"?>
<Project ToolsVersion="4.0" xmlns="http://schemas.microsoft.com/developer/msbuild/2003">
  <ItemGroup>
    <Filter Include="Source Files">
      <UniqueIdentifier>{4FC737F1-C7A5-4376-A066-2A32D752A2FF}</UniqueIdentifier>
      <Extensions>cpp;c;cc;cxx;def;odl;idl;hpj;bat;asm;asmx</Extensions>
    </Filter>
    <Filter Include="Header Files">
      <UniqueIdentifier>{93995380-89BD-4b04-88EB-625FBE52EBFB}</UniqueIdentifier>
      <Extensions>h;hh;hpp;hxx;hm;inl;inc;xsd</Extensions>
    </Filter>
    <Filter Include="Resource Files">
      <UniqueIdentifier>{67DA6AB6-F800-4c08-8B7A-83BB121AAD01}</UniqueIdentifier>
      <Extensions>rc;ico;cur;bmp;dlg;rc2;rct;bin;rgs;gif;jpg;jpeg;jpe;resx;tiff;tif;png;wav;mfcribbon-ms</Extensions>
    </Filter>
  </ItemGroup>
  <ItemGroup>
    <ClCompile Include="$(CurrentThirdProjectContentPath)png.c">
      <Filter>Source Files</Filter>
    </ClCompile>
    <ClCompile Include="$(CurrentThirdProjectContentPath)pngerror.c">
      <Filter>Source Files</Filter>
    </ClCompile>
    <ClCompile Include="$(CurrentThirdProjectContentPath)pngget.c">
      <Filter>Source Files</Filter>
    </ClCompile>
    <ClCompile Include="$(CurrentThirdProjectContentPath)pngmem.c">
      <Filter>Source Files</Filter>
    </ClCompile>
    <ClCompile Include="$(CurrentThirdProjectContentPath)pngpread.c">
      <Filter>Source Files</Filter>
    </ClCompile>
    <ClCompile Include="$(CurrentThirdProjectContentPath)pngread.c">
      <Filter>Source Files</Filter>
    </ClCompile>
    <ClCompile Include="$(CurrentThirdProjectContentPath)pngrio.c">
      <Filter>Source Files</Filter>
    </ClCompile>
    <ClCompile Include="$(CurrentThirdProjectContentPath)pngrtran.c">
      <Filter>Source Files</Filter>
    </ClCompile>
    <ClCompile Include="$(CurrentThirdProjectContentPath)pngrutil.c">
      <Filter>Source Files</Filter>
    </ClCompile>
    <ClCompile Include="$(CurrentThirdProjectContentPath)pngset.c">
      <Filter>Source Files</Filter>
    </ClCompile>
    <ClCompile Include="$(CurrentThirdProjectContentPath)pngtrans.c">
      <Filter>Source Files</Filter>
    </ClCompile>
    <ClCompile Include="$(CurrentThirdProjectContentPath)pngwio.c">
      <Filter>Source Files</Filter>
    </ClCompile>
    <ClCompile Include="$(CurrentThirdProjectContentPath)pngwrite.c">
      <Filter>Source Files</Filter>
    </ClCompile>
    <ClCompile Include="$(CurrentThirdProjectContentPath)pngwtran.c">
      <Filter>Source Files</Filter>
    </ClCompile>
    <ClCompile Include="$(CurrentThirdProjectContentPath)pngwutil.c">
      <Filter>Source Files</Filter>
    </ClCompile>
  </ItemGroup>
  <ItemGroup>
    <ClInclude Include="$(CurrentThirdProjectContentPath)pngpriv.h">
      <Filter>Header Files</Filter>
    </ClInclude>
    <ClInclude Include="$(CurrentThirdProjectContentPath)png.h">
      <Filter>Header Files</Filter>
    </ClInclude>
    <ClInclude Include="$(CurrentThirdProjectContentPath)pngdebug.h">
      <Filter>Header Files</Filter>
    </ClInclude>
    <ClInclude Include="$(CurrentThirdProjectContentPath)pnginfo.h">
      <Filter>Header Files</Filter>
    </ClInclude>
    <ClInclude Include="$(CurrentThirdProjectContentPath)pngstruct.h">
      <Filter>Header Files</Filter>
    </ClInclude>
  </ItemGroup>
</Project>