<?xml version="1.0" encoding="utf-8"?>
<Project ToolsVersion="4.0" xmlns="http://schemas.microsoft.com/developer/msbuild/2003">
  <ItemGroup>
    <Filter Include="YM2612Menus">
      <UniqueIdentifier>{f21a0dab-0758-44b3-8b18-8f53adcca287}</UniqueIdentifier>
    </Filter>
    <Filter Include="YM2612Menus\DebugMenuHandler">
      <UniqueIdentifier>{1886890e-e356-49e8-a50a-3a6cc20f699c}</UniqueIdentifier>
    </Filter>
    <Filter Include="YM2612Menus\DebuggerView">
      <UniqueIdentifier>{14c38bad-2394-432c-a137-fcd0bb42f780}</UniqueIdentifier>
    </Filter>
    <Filter Include="YM2612Menus\LoggingView">
      <UniqueIdentifier>{2870bccb-1c7f-455f-8aa3-c113b68d862c}</UniqueIdentifier>
    </Filter>
    <Filter Include="YM2612Menus\OperatorView">
      <UniqueIdentifier>{29677eb9-0150-4492-9b53-70b86d62922b}</UniqueIdentifier>
    </Filter>
    <Filter Include="YM2612Menus\RegistersView">
      <UniqueIdentifier>{df95049b-1999-4bff-a328-91e1e56cb869}</UniqueIdentifier>
    </Filter>
    <Filter Include="Resources">
      <UniqueIdentifier>{5b90b5e5-8206-4da3-9173-608664ed0151}</UniqueIdentifier>
    </Filter>
  </ItemGroup>
  <ItemGroup>
    <ClCompile Include="YM2612Menus.cpp">
      <Filter>YM2612Menus</Filter>
    </ClCompile>
    <ClCompile Include="DebugMenuHandler.cpp">
      <Filter>YM2612Menus\DebugMenuHandler</Filter>
    </ClCompile>
    <ClCompile Include="DebuggerView.cpp">
      <Filter>YM2612Menus\DebuggerView</Filter>
    </ClCompile>
    <ClCompile Include="DebuggerViewPresenter.cpp">
      <Filter>YM2612Menus\DebuggerView</Filter>
    </ClCompile>
    <ClCompile Include="LoggingView.cpp">
      <Filter>YM2612Menus\LoggingView</Filter>
    </ClCompile>
    <ClCompile Include="LoggingViewPresenter.cpp">
      <Filter>YM2612Menus\LoggingView</Filter>
    </ClCompile>
    <ClCompile Include="OperatorView.cpp">
      <Filter>YM2612Menus\OperatorView</Filter>
    </ClCompile>
    <ClCompile Include="OperatorViewPresenter.cpp">
      <Filter>YM2612Menus\OperatorView</Filter>
    </ClCompile>
    <ClCompile Include="RegistersView.cpp">
      <Filter>YM2612Menus\RegistersView</Filter>
    </ClCompile>
    <ClCompile Include="RegistersViewPresenter.cpp">
      <Filter>YM2612Menus\RegistersView</Filter>
    </ClCompile>
    <ClCompile Include="interface.cpp" />
  </ItemGroup>
  <ItemGroup>
    <ClInclude Include="YM2612Menus.h">
      <Filter>YM2612Menus</Filter>
    </ClInclude>
    <ClInclude Include="DebugMenuHandler.h">
      <Filter>YM2612Menus\DebugMenuHandler</Filter>
    </ClInclude>
    <ClInclude Include="DebuggerView.h">
      <Filter>YM2612Menus\DebuggerView</Filter>
    </ClInclude>
    <ClInclude Include="DebuggerViewPresenter.h">
      <Filter>YM2612Menus\DebuggerView</Filter>
    </ClInclude>
    <ClInclude Include="LoggingView.h">
      <Filter>YM2612Menus\LoggingView</Filter>
    </ClInclude>
    <ClInclude Include="LoggingViewPresenter.h">
      <Filter>YM2612Menus\LoggingView</Filter>
    </ClInclude>
    <ClInclude Include="OperatorView.h">
      <Filter>YM2612Menus\OperatorView</Filter>
    </ClInclude>
    <ClInclude Include="OperatorViewPresenter.h">
      <Filter>YM2612Menus\OperatorView</Filter>
    </ClInclude>
    <ClInclude Include="RegistersView.h">
      <Filter>YM2612Menus\RegistersView</Filter>
    </ClInclude>
    <ClInclude Include="RegistersViewPresenter.h">
      <Filter>YM2612Menus\RegistersView</Filter>
    </ClInclude>
    <ClInclude Include="resource.h">
      <Filter>Resources</Filter>
    </ClInclude>
    <ClInclude Include="interface.h" />
  </ItemGroup>
  <ItemGroup>
    <Image Include="..\..\Exodus\Resources\folder.ico">
      <Filter>Resources</Filter>
    </Image>
  </ItemGroup>
  <ItemGroup>
    <ResourceCompile Include="YM2612Menus.rc">
      <Filter>Resources</Filter>
    </ResourceCompile>
  </ItemGroup>
</Project>