<?xml version="1.0" encoding="utf-8"?>
<Project ToolsVersion="4.0" xmlns="http://schemas.microsoft.com/developer/msbuild/2003">
  <ItemGroup>
    <Filter Include="Data">
      <UniqueIdentifier>{ce0e29c3-31e8-400e-b14e-06031ee77898}</UniqueIdentifier>
    </Filter>
    <Filter Include="IBusInterface">
      <UniqueIdentifier>{7e7259ef-3f7c-4e2d-907f-9e139c35d587}</UniqueIdentifier>
    </Filter>
    <Filter Include="IClockSource">
      <UniqueIdentifier>{262707d7-dae5-415c-a276-7008386af666}</UniqueIdentifier>
    </Filter>
    <Filter Include="IDevice">
      <UniqueIdentifier>{6e19eb1d-9881-4112-9ed0-0c84e8efa284}</UniqueIdentifier>
    </Filter>
    <Filter Include="IDeviceContext">
      <UniqueIdentifier>{340615b7-755d-45d9-8b79-36545b57be83}</UniqueIdentifier>
    </Filter>
    <Filter Include="IDeviceInfo">
      <UniqueIdentifier>{3435efdb-b232-4423-a557-9c41f97bcefe}</UniqueIdentifier>
    </Filter>
    <Filter Include="ILogEntry">
      <UniqueIdentifier>{37020aba-15ff-4467-b683-fe0ee3df5bca}</UniqueIdentifier>
    </Filter>
    <Filter Include="InterfaceVersion">
      <UniqueIdentifier>{56367902-1b8f-4e60-bcb0-e75ce535109d}</UniqueIdentifier>
    </Filter>
    <Filter Include="LogEntry">
      <UniqueIdentifier>{8b9113b1-4d9d-43cf-832d-37ce80feabad}</UniqueIdentifier>
    </Filter>
    <Filter Include="ISystemDeviceInterface">
      <UniqueIdentifier>{266fab7a-ee0a-4180-9b16-a90d0dee3c3b}</UniqueIdentifier>
    </Filter>
    <Filter Include="VersionNo">
      <UniqueIdentifier>{f93f7f38-2a6a-4535-a96a-fd58d3720f1c}</UniqueIdentifier>
    </Filter>
  </ItemGroup>
  <ItemGroup>
    <ClInclude Include="Data.h">
      <Filter>Data</Filter>
    </ClInclude>
    <ClInclude Include="IBusInterface.h">
      <Filter>IBusInterface</Filter>
    </ClInclude>
    <ClInclude Include="IClockSource.h">
      <Filter>IClockSource</Filter>
    </ClInclude>
    <ClInclude Include="IDevice.h">
      <Filter>IDevice</Filter>
    </ClInclude>
    <ClInclude Include="IDeviceContext.h">
      <Filter>IDeviceContext</Filter>
    </ClInclude>
    <ClInclude Include="IDeviceInfo.h">
      <Filter>IDeviceInfo</Filter>
    </ClInclude>
    <ClInclude Include="ILogEntry.h">
      <Filter>ILogEntry</Filter>
    </ClInclude>
    <ClInclude Include="InterfaceVersion.h">
      <Filter>InterfaceVersion</Filter>
    </ClInclude>
    <ClInclude Include="LogEntry.h">
      <Filter>LogEntry</Filter>
    </ClInclude>
    <ClInclude Include="ISystemDeviceInterface.h">
      <Filter>ISystemDeviceInterface</Filter>
    </ClInclude>
    <ClInclude Include="VersionNo.h">
      <Filter>VersionNo</Filter>
    </ClInclude>
  </ItemGroup>
  <ItemGroup>
    <None Include="Data.inl">
      <Filter>Data</Filter>
    </None>
    <None Include="IBusInterface.inl">
      <Filter>IBusInterface</Filter>
    </None>
    <None Include="IClockSource.inl">
      <Filter>IClockSource</Filter>
    </None>
    <None Include="IDevice.inl">
      <Filter>IDevice</Filter>
    </None>
    <None Include="ILogEntry.inl">
      <Filter>ILogEntry</Filter>
    </None>
    <None Include="LogEntry.inl">
      <Filter>LogEntry</Filter>
    </None>
    <None Include="ISystemDeviceInterface.inl">
      <Filter>ISystemDeviceInterface</Filter>
    </None>
    <None Include="ExodusDeviceInterface.pkg" />
  </ItemGroup>
  <ItemGroup>
    <ClCompile Include="LogEntry.cpp">
      <Filter>LogEntry</Filter>
    </ClCompile>
  </ItemGroup>
</Project>