<?xml version="1.0" encoding="utf-8"?>
<Project ToolsVersion="4.0" xmlns="http://schemas.microsoft.com/developer/msbuild/2003">
  <ItemGroup>
    <Filter Include="Extension">
      <UniqueIdentifier>{d8eb7001-a3ba-4608-b74d-42ef7cd08db3}</UniqueIdentifier>
    </Filter>
  </ItemGroup>
  <ItemGroup>
    <ClCompile Include="Extension.cpp">
      <Filter>Extension</Filter>
    </ClCompile>
  </ItemGroup>
  <ItemGroup>
    <ClInclude Include="Extension.h">
      <Filter>Extension</Filter>
    </ClInclude>
  </ItemGroup>
  <ItemGroup>
    <None Include="Extension.inl">
      <Filter>Extension</Filter>
    </None>
    <None Include="Extension.pkg" />
  </ItemGroup>
</Project>