<?xml version="1.0" encoding="utf-8"?>
<Project ToolsVersion="4.0" xmlns="http://schemas.microsoft.com/developer/msbuild/2003">
  <ItemGroup>
    <Filter Include="SN76489Menus">
      <UniqueIdentifier>{00690b86-cdfd-4e4c-b478-0788b0faa740}</UniqueIdentifier>
    </Filter>
    <Filter Include="SN76489Menus\DebugMenuHandler">
      <UniqueIdentifier>{4c707e11-9646-4ce8-8b93-478300979a3a}</UniqueIdentifier>
    </Filter>
    <Filter Include="Resources">
      <UniqueIdentifier>{e9661b1a-74ac-49fe-bb1f-241aecbe82db}</UniqueIdentifier>
    </Filter>
  </ItemGroup>
  <ItemGroup>
    <ClCompile Include="SN76489Menus.cpp">
      <Filter>SN76489Menus</Filter>
    </ClCompile>
    <ClCompile Include="DebugMenuHandler.cpp">
      <Filter>SN76489Menus\DebugMenuHandler</Filter>
    </ClCompile>
    <ClCompile Include="interface.cpp" />
  </ItemGroup>
  <ItemGroup>
    <ClInclude Include="SN76489Menus.h">
      <Filter>SN76489Menus</Filter>
    </ClInclude>
    <ClInclude Include="DebugMenuHandler.h">
      <Filter>SN76489Menus\DebugMenuHandler</Filter>
    </ClInclude>
    <ClInclude Include="resource.h">
      <Filter>Resources</Filter>
    </ClInclude>
    <ClInclude Include="interface.h" />
  </ItemGroup>
  <ItemGroup>
    <ResourceCompile Include="SN76489Menus.rc">
      <Filter>Resources</Filter>
    </ResourceCompile>
  </ItemGroup>
</Project>