<?xml version="1.0" encoding="utf-8"?>
<Project ToolsVersion="4.0" xmlns="http://schemas.microsoft.com/developer/msbuild/2003">
  <ItemGroup>
    <Filter Include="Extension System">
      <UniqueIdentifier>{510c9260-9d4d-4551-9628-bab5e71346a5}</UniqueIdentifier>
    </Filter>
    <Filter Include="Extension System\ConnectorInfo">
      <UniqueIdentifier>{d689279f-abbe-49d7-943f-8181ab11417a}</UniqueIdentifier>
    </Filter>
    <Filter Include="Extension System\FileStreamReference">
      <UniqueIdentifier>{80c159f4-d84a-4863-879b-88c6c9af2294}</UniqueIdentifier>
    </Filter>
    <Filter Include="Extension System\IConnectorInfo">
      <UniqueIdentifier>{46f9ad9f-e9a3-42ca-a15e-15c22ed4a8ea}</UniqueIdentifier>
    </Filter>
    <Filter Include="Extension System\IExtension">
      <UniqueIdentifier>{89c6c383-63f3-40d3-91fd-a374f3fad48d}</UniqueIdentifier>
    </Filter>
    <Filter Include="Extension System\IExtensionInfo">
      <UniqueIdentifier>{67f7501f-2a90-4e48-ae67-6093977eef70}</UniqueIdentifier>
    </Filter>
    <Filter Include="Extension System\IGUIExtensionInterface">
      <UniqueIdentifier>{69b421a8-c6c7-4b96-86d9-049d252d708e}</UniqueIdentifier>
    </Filter>
    <Filter Include="Extension System\ILoadedModuleInfo">
      <UniqueIdentifier>{963ab042-6b15-47d1-8bca-f88391601598}</UniqueIdentifier>
    </Filter>
    <Filter Include="Extension System\ISystemExtensionInterface">
      <UniqueIdentifier>{1004692a-9735-4f88-8bfa-0569dd32e5b7}</UniqueIdentifier>
    </Filter>
    <Filter Include="Extension System\LoadedModuleInfo">
      <UniqueIdentifier>{11786687-6378-4937-a125-6c08141628ec}</UniqueIdentifier>
    </Filter>
    <Filter Include="Extension System\AssemblyHandle">
      <UniqueIdentifier>{1467121c-901f-4ff3-a671-93e408f82a10}</UniqueIdentifier>
    </Filter>
    <Filter Include="Menu System">
      <UniqueIdentifier>{679afae5-2cb3-497a-9506-94444bd233e6}</UniqueIdentifier>
    </Filter>
    <Filter Include="Menu System\IMenuHandler">
      <UniqueIdentifier>{c2501577-90c6-42b2-ae1e-f6c983da5b14}</UniqueIdentifier>
    </Filter>
    <Filter Include="Menu System\IMenuItem">
      <UniqueIdentifier>{b9eeb7a1-686a-46f8-a7b8-dd9d101536af}</UniqueIdentifier>
    </Filter>
    <Filter Include="Menu System\IMenuSegment">
      <UniqueIdentifier>{478c2264-a609-4cdd-b089-98e177595819}</UniqueIdentifier>
    </Filter>
    <Filter Include="Menu System\IMenuSelectableOption">
      <UniqueIdentifier>{5c470896-662d-47b5-861c-0d4736c1b549}</UniqueIdentifier>
    </Filter>
    <Filter Include="Menu System\IMenuSubmenu">
      <UniqueIdentifier>{751b58cf-e881-43ad-8ff1-edb5ad819feb}</UniqueIdentifier>
    </Filter>
    <Filter Include="Menu System\MenuHandlerBase">
      <UniqueIdentifier>{8d552899-7e7e-4fed-b4b9-450c11ed1b67}</UniqueIdentifier>
    </Filter>
    <Filter Include="View System">
      <UniqueIdentifier>{4a9f1ac9-fa77-4609-aa87-ed84585afb40}</UniqueIdentifier>
    </Filter>
    <Filter Include="View System\IView">
      <UniqueIdentifier>{ee110382-9375-4f8d-9aae-e9fc9a531569}</UniqueIdentifier>
    </Filter>
    <Filter Include="View System\IViewManager">
      <UniqueIdentifier>{dbcd53eb-d1d7-4c5a-bb1a-b435505b5ac2}</UniqueIdentifier>
    </Filter>
    <Filter Include="View System\IViewStateChangeNotifier">
      <UniqueIdentifier>{d7a7bdb9-9a11-45cd-8def-9cca043cba75}</UniqueIdentifier>
    </Filter>
    <Filter Include="View System\IViewPresenter">
      <UniqueIdentifier>{e19a397f-0de6-4970-baef-602f411d51ce}</UniqueIdentifier>
    </Filter>
    <Filter Include="View System\ViewBase">
      <UniqueIdentifier>{cff6fe3c-e99b-4664-a55f-003d8e7769e7}</UniqueIdentifier>
    </Filter>
    <Filter Include="View System\ViewPresenterBase">
      <UniqueIdentifier>{fd242f29-6f82-4dec-a3cc-9e2e3ee9b35b}</UniqueIdentifier>
    </Filter>
    <Filter Include="View System\IUIManager">
      <UniqueIdentifier>{d59cbbc6-18e7-46b1-99e6-b9281f960bac}</UniqueIdentifier>
    </Filter>
  </ItemGroup>
  <ItemGroup>
    <ClCompile Include="ConnectorInfo.cpp">
      <Filter>Extension System\ConnectorInfo</Filter>
    </ClCompile>
    <ClCompile Include="LoadedModuleInfo.cpp">
      <Filter>Extension System\LoadedModuleInfo</Filter>
    </ClCompile>
    <ClCompile Include="MenuHandlerBase.cpp">
      <Filter>Menu System\MenuHandlerBase</Filter>
    </ClCompile>
    <ClCompile Include="ViewBase.cpp">
      <Filter>View System\ViewBase</Filter>
    </ClCompile>
    <ClCompile Include="ViewPresenterBase.cpp">
      <Filter>View System\ViewPresenterBase</Filter>
    </ClCompile>
  </ItemGroup>
  <ItemGroup>
    <ClInclude Include="ConnectorInfo.h">
      <Filter>Extension System\ConnectorInfo</Filter>
    </ClInclude>
    <ClInclude Include="FileStreamReference.h">
      <Filter>Extension System\FileStreamReference</Filter>
    </ClInclude>
    <ClInclude Include="IConnectorInfo.h">
      <Filter>Extension System\IConnectorInfo</Filter>
    </ClInclude>
    <ClInclude Include="IExtension.h">
      <Filter>Extension System\IExtension</Filter>
    </ClInclude>
    <ClInclude Include="IExtensionInfo.h">
      <Filter>Extension System\IExtensionInfo</Filter>
    </ClInclude>
    <ClInclude Include="IGUIExtensionInterface.h">
      <Filter>Extension System\IGUIExtensionInterface</Filter>
    </ClInclude>
    <ClInclude Include="ILoadedModuleInfo.h">
      <Filter>Extension System\ILoadedModuleInfo</Filter>
    </ClInclude>
    <ClInclude Include="ISystemExtensionInterface.h">
      <Filter>Extension System\ISystemExtensionInterface</Filter>
    </ClInclude>
    <ClInclude Include="LoadedModuleInfo.h">
      <Filter>Extension System\LoadedModuleInfo</Filter>
    </ClInclude>
    <ClInclude Include="AssemblyHandle.h">
      <Filter>Extension System\AssemblyHandle</Filter>
    </ClInclude>
    <ClInclude Include="IMenuHandler.h">
      <Filter>Menu System\IMenuHandler</Filter>
    </ClInclude>
    <ClInclude Include="IMenuItem.h">
      <Filter>Menu System\IMenuItem</Filter>
    </ClInclude>
    <ClInclude Include="IMenuSegment.h">
      <Filter>Menu System\IMenuSegment</Filter>
    </ClInclude>
    <ClInclude Include="IMenuSelectableOption.h">
      <Filter>Menu System\IMenuSelectableOption</Filter>
    </ClInclude>
    <ClInclude Include="IMenuSubmenu.h">
      <Filter>Menu System\IMenuSubmenu</Filter>
    </ClInclude>
    <ClInclude Include="MenuHandlerBase.h">
      <Filter>Menu System\MenuHandlerBase</Filter>
    </ClInclude>
    <ClInclude Include="IView.h">
      <Filter>View System\IView</Filter>
    </ClInclude>
    <ClInclude Include="IViewManager.h">
      <Filter>View System\IViewManager</Filter>
    </ClInclude>
    <ClInclude Include="IViewStateChangeNotifier.h">
      <Filter>View System\IViewStateChangeNotifier</Filter>
    </ClInclude>
    <ClInclude Include="IViewPresenter.h">
      <Filter>View System\IViewPresenter</Filter>
    </ClInclude>
    <ClInclude Include="ViewBase.h">
      <Filter>View System\ViewBase</Filter>
    </ClInclude>
    <ClInclude Include="ViewPresenterBase.h">
      <Filter>View System\ViewPresenterBase</Filter>
    </ClInclude>
    <ClInclude Include="IUIManager.h">
      <Filter>View System\IUIManager</Filter>
    </ClInclude>
  </ItemGroup>
  <ItemGroup>
    <None Include="ConnectorInfo.inl">
      <Filter>Extension System\ConnectorInfo</Filter>
    </None>
    <None Include="FileStreamReference.inl">
      <Filter>Extension System\FileStreamReference</Filter>
    </None>
    <None Include="IConnectorInfo.inl">
      <Filter>Extension System\IConnectorInfo</Filter>
    </None>
    <None Include="IExtension.inl">
      <Filter>Extension System\IExtension</Filter>
    </None>
    <None Include="IExtensionInfo.inl">
      <Filter>Extension System\IExtensionInfo</Filter>
    </None>
    <None Include="IGUIExtensionInterface.inl">
      <Filter>Extension System\IGUIExtensionInterface</Filter>
    </None>
    <None Include="ILoadedModuleInfo.inl">
      <Filter>Extension System\ILoadedModuleInfo</Filter>
    </None>
    <None Include="ISystemExtensionInterface.inl">
      <Filter>Extension System\ISystemExtensionInterface</Filter>
    </None>
    <None Include="LoadedModuleInfo.inl">
      <Filter>Extension System\LoadedModuleInfo</Filter>
    </None>
    <None Include="IMenuHandler.inl">
      <Filter>Menu System\IMenuHandler</Filter>
    </None>
    <None Include="IMenuItem.inl">
      <Filter>Menu System\IMenuItem</Filter>
    </None>
    <None Include="IMenuSegment.inl">
      <Filter>Menu System\IMenuSegment</Filter>
    </None>
    <None Include="IMenuSelectableOption.inl">
      <Filter>Menu System\IMenuSelectableOption</Filter>
    </None>
    <None Include="IMenuSubmenu.inl">
      <Filter>Menu System\IMenuSubmenu</Filter>
    </None>
    <None Include="MenuHandlerBase.inl">
      <Filter>Menu System\MenuHandlerBase</Filter>
    </None>
    <None Include="IView.inl">
      <Filter>View System\IView</Filter>
    </None>
    <None Include="IViewManager.inl">
      <Filter>View System\IViewManager</Filter>
    </None>
    <None Include="IViewStateChangeNotifier.inl">
      <Filter>View System\IViewStateChangeNotifier</Filter>
    </None>
    <None Include="IViewPresenter.inl">
      <Filter>View System\IViewPresenter</Filter>
    </None>
    <None Include="IUIManager.inl">
      <Filter>View System\IUIManager</Filter>
    </None>
    <None Include="ExodusExtensionInterface.pkg" />
  </ItemGroup>
</Project>