<?xml version="1.0" encoding="utf-8"?>
<Project ToolsVersion="4.0" xmlns="http://schemas.microsoft.com/developer/msbuild/2003">
  <ItemGroup>
    <Filter Include="_Documentation">
      <UniqueIdentifier>{045fbe45-0f37-4388-80d3-a0739a592870}</UniqueIdentifier>
    </Filter>
    <Filter Include="STLContainerDecomposition">
      <UniqueIdentifier>{49578913-e140-49a0-b9e3-539ac7949a97}</UniqueIdentifier>
    </Filter>
    <Filter Include="STLObjectKeyMarshaller">
      <UniqueIdentifier>{74d55fce-7aac-4c6d-a5cb-6c45fc9f77d7}</UniqueIdentifier>
    </Filter>
    <Filter Include="Marshallers">
      <UniqueIdentifier>{8f3999e8-beb9-4275-b082-281389e51d1f}</UniqueIdentifier>
    </Filter>
    <Filter Include="MarshalTarget">
      <UniqueIdentifier>{41557acb-3bbf-4c31-83ee-e436674c9e49}</UniqueIdentifier>
    </Filter>
    <Filter Include="MarshalSource">
      <UniqueIdentifier>{09cb07a6-5efe-4852-a981-edb77276526a}</UniqueIdentifier>
    </Filter>
    <Filter Include="Type Traits">
      <UniqueIdentifier>{2c600919-4215-4525-b171-1005408a50dd}</UniqueIdentifier>
    </Filter>
    <Filter Include="MarshalObjectHelper">
      <UniqueIdentifier>{fc59ebef-9b71-4d87-961a-446a0cc0e687}</UniqueIdentifier>
    </Filter>
    <Filter Include="Marshallers\Operators">
      <UniqueIdentifier>{c1cde4e5-e66f-48c1-bc8b-ab4140ddf04a}</UniqueIdentifier>
    </Filter>
  </ItemGroup>
  <ItemGroup>
    <ClInclude Include="CalculateDecomposedSTLContainerSize.h">
      <Filter>STLContainerDecomposition</Filter>
    </ClInclude>
    <ClInclude Include="CalculateSTLContainerNestingDepth.h">
      <Filter>STLContainerDecomposition</Filter>
    </ClInclude>
    <ClInclude Include="ClearSTLContainer.h">
      <Filter>STLContainerDecomposition</Filter>
    </ClInclude>
    <ClInclude Include="CreateSTLContainerItemArray.h">
      <Filter>STLContainerDecomposition</Filter>
    </ClInclude>
    <ClInclude Include="CreateSTLContainerKeyMarshallers.h">
      <Filter>STLContainerDecomposition</Filter>
    </ClInclude>
    <ClInclude Include="DecomposeSTLContainer.h">
      <Filter>STLContainerDecomposition</Filter>
    </ClInclude>
    <ClInclude Include="DeleteSTLContainerItemArray.h">
      <Filter>STLContainerDecomposition</Filter>
    </ClInclude>
    <ClInclude Include="DeleteSTLContainerKeyMarshallers.h">
      <Filter>STLContainerDecomposition</Filter>
    </ClInclude>
    <ClInclude Include="RecomposeSTLContainer.h">
      <Filter>STLContainerDecomposition</Filter>
    </ClInclude>
    <ClInclude Include="ISTLObjectKeyMarshaller.h">
      <Filter>STLObjectKeyMarshaller</Filter>
    </ClInclude>
    <ClInclude Include="ISTLObjectKeyMarshallerBase.h">
      <Filter>STLObjectKeyMarshaller</Filter>
    </ClInclude>
    <ClInclude Include="STLObjectKeyMarshaller.h">
      <Filter>STLObjectKeyMarshaller</Filter>
    </ClInclude>
    <ClInclude Include="IMarshalTarget.h">
      <Filter>MarshalTarget</Filter>
    </ClInclude>
    <ClInclude Include="MarshalTarget.h">
      <Filter>MarshalTarget</Filter>
    </ClInclude>
    <ClInclude Include="IMarshalSource.h">
      <Filter>MarshalSource</Filter>
    </ClInclude>
    <ClInclude Include="MarshalSource.h">
      <Filter>MarshalSource</Filter>
    </ClInclude>
    <ClInclude Include="MarshalIn.h">
      <Filter>Marshallers</Filter>
    </ClInclude>
    <ClInclude Include="MarshalInOut.h">
      <Filter>Marshallers</Filter>
    </ClInclude>
    <ClInclude Include="MarshalOut.h">
      <Filter>Marshallers</Filter>
    </ClInclude>
    <ClInclude Include="MarshalRet.h">
      <Filter>Marshallers</Filter>
    </ClInclude>
    <ClInclude Include="IMarshallingObject.h" />
    <ClInclude Include="MarshalPreprocessorMacros.h" />
    <ClInclude Include="HasMarshalConstructor.h">
      <Filter>Type Traits</Filter>
    </ClInclude>
    <ClInclude Include="IsLastNestedContainerElement.h">
      <Filter>Type Traits</Filter>
    </ClInclude>
    <ClInclude Include="IsNonConstRValueReference.h">
      <Filter>Type Traits</Filter>
    </ClInclude>
    <ClInclude Include="IsThisOrNestedElementLastNestedContainerElement.h">
      <Filter>Type Traits</Filter>
    </ClInclude>
    <ClInclude Include="IsSTLContainerNestedElementMarshallableOrSameSize.h">
      <Filter>STLContainerDecomposition</Filter>
    </ClInclude>
    <ClInclude Include="GetLastNestedContainerElementType.h">
      <Filter>Type Traits</Filter>
    </ClInclude>
    <ClInclude Include="GetNextNestedContainerElementType.h">
      <Filter>Type Traits</Filter>
    </ClInclude>
    <ClInclude Include="MarshalObjectT.h" />
    <ClInclude Include="NestedContainerHasKeys.h">
      <Filter>Type Traits</Filter>
    </ClInclude>
    <ClInclude Include="IsBaseOfEmulator.h">
      <Filter>Type Traits</Filter>
    </ClInclude>
    <ClInclude Include="MarshalObjectHelper.h">
      <Filter>MarshalObjectHelper</Filter>
    </ClInclude>
    <ClInclude Include="MarshalInStringOperators.inl">
      <Filter>Marshallers\Operators</Filter>
    </ClInclude>
    <ClInclude Include="MarshalRetStringOperators.inl">
      <Filter>Marshallers\Operators</Filter>
    </ClInclude>
  </ItemGroup>
  <ItemGroup>
    <None Include="CalculateDecomposedSTLContainerSize.inl">
      <Filter>STLContainerDecomposition</Filter>
    </None>
    <None Include="CalculateSTLContainerNestingDepth.inl">
      <Filter>STLContainerDecomposition</Filter>
    </None>
    <None Include="ClearSTLContainer.inl">
      <Filter>STLContainerDecomposition</Filter>
    </None>
    <None Include="CreateSTLContainerItemArray.inl">
      <Filter>STLContainerDecomposition</Filter>
    </None>
    <None Include="CreateSTLContainerKeyMarshallers.inl">
      <Filter>STLContainerDecomposition</Filter>
    </None>
    <None Include="DecomposeSTLContainer.inl">
      <Filter>STLContainerDecomposition</Filter>
    </None>
    <None Include="DeleteSTLContainerItemArray.inl">
      <Filter>STLContainerDecomposition</Filter>
    </None>
    <None Include="DeleteSTLContainerKeyMarshallers.inl">
      <Filter>STLContainerDecomposition</Filter>
    </None>
    <None Include="RecomposeSTLContainer.inl">
      <Filter>STLContainerDecomposition</Filter>
    </None>
    <None Include="MarshalSupport.pkg" />
    <None Include="IsSTLContainerNestedElementMarshallableOrSameSize.inl">
      <Filter>STLContainerDecomposition</Filter>
    </None>
    <None Include="MarshalInOutStringOperators.inl">
      <Filter>Marshallers\Operators</Filter>
    </None>
  </ItemGroup>
  <ItemGroup>
    <Xml Include="_Documentation\Overview.xml">
      <Filter>_Documentation</Filter>
    </Xml>
  </ItemGroup>
</Project>