<?xml version="1.0" encoding="utf-8"?>
<Project ToolsVersion="4.0" xmlns="http://schemas.microsoft.com/developer/msbuild/2003">
  <ItemGroup>
    <Filter Include="Source Files">
      <UniqueIdentifier>{4FC737F1-C7A5-4376-A066-2A32D752A2FF}</UniqueIdentifier>
      <Extensions>cpp;c;cc;cxx;def;odl;idl;hpj;bat;asm;asmx</Extensions>
    </Filter>
    <Filter Include="Header Files">
      <UniqueIdentifier>{93995380-89BD-4b04-88EB-625FBE52EBFB}</UniqueIdentifier>
      <Extensions>h;hh;hpp;hxx;hm;inl;inc;xsd</Extensions>
    </Filter>
    <Filter Include="Resource Files">
      <UniqueIdentifier>{67DA6AB6-F800-4c08-8B7A-83BB121AAD01}</UniqueIdentifier>
      <Extensions>rc;ico;cur;bmp;dlg;rc2;rct;bin;rgs;gif;jpg;jpeg;jpe;resx;tiff;tif;png;wav;mfcribbon-ms</Extensions>
    </Filter>
  </ItemGroup>
  <ItemGroup>
    <ClCompile Include="$(CurrentThirdProjectContentPath)jaricom.c">
      <Filter>Source Files</Filter>
    </ClCompile>
    <ClCompile Include="$(CurrentThirdProjectContentPath)jcomapi.c">
      <Filter>Source Files</Filter>
    </ClCompile>
    <ClCompile Include="$(CurrentThirdProjectContentPath)jutils.c">
      <Filter>Source Files</Filter>
    </ClCompile>
    <ClCompile Include="$(CurrentThirdProjectContentPath)jerror.c">
      <Filter>Source Files</Filter>
    </ClCompile>
    <ClCompile Include="$(CurrentThirdProjectContentPath)jmemmgr.c">
      <Filter>Source Files</Filter>
    </ClCompile>
    <ClCompile Include="$(CurrentThirdProjectContentPath)jmemnobs.c">
      <Filter>Source Files</Filter>
    </ClCompile>
    <ClCompile Include="$(CurrentThirdProjectContentPath)jcapimin.c">
      <Filter>Source Files</Filter>
    </ClCompile>
    <ClCompile Include="$(CurrentThirdProjectContentPath)jcapistd.c">
      <Filter>Source Files</Filter>
    </ClCompile>
    <ClCompile Include="$(CurrentThirdProjectContentPath)jcarith.c">
      <Filter>Source Files</Filter>
    </ClCompile>
    <ClCompile Include="$(CurrentThirdProjectContentPath)jctrans.c">
      <Filter>Source Files</Filter>
    </ClCompile>
    <ClCompile Include="$(CurrentThirdProjectContentPath)jcparam.c">
      <Filter>Source Files</Filter>
    </ClCompile>
    <ClCompile Include="$(CurrentThirdProjectContentPath)jdatadst.c">
      <Filter>Source Files</Filter>
    </ClCompile>
    <ClCompile Include="$(CurrentThirdProjectContentPath)jcinit.c">
      <Filter>Source Files</Filter>
    </ClCompile>
    <ClCompile Include="$(CurrentThirdProjectContentPath)jcmaster.c">
      <Filter>Source Files</Filter>
    </ClCompile>
    <ClCompile Include="$(CurrentThirdProjectContentPath)jcmarker.c">
      <Filter>Source Files</Filter>
    </ClCompile>
    <ClCompile Include="$(CurrentThirdProjectContentPath)jcmainct.c">
      <Filter>Source Files</Filter>
    </ClCompile>
    <ClCompile Include="$(CurrentThirdProjectContentPath)jcprepct.c">
      <Filter>Source Files</Filter>
    </ClCompile>
    <ClCompile Include="$(CurrentThirdProjectContentPath)jccoefct.c">
      <Filter>Source Files</Filter>
    </ClCompile>
    <ClCompile Include="$(CurrentThirdProjectContentPath)jccolor.c">
      <Filter>Source Files</Filter>
    </ClCompile>
    <ClCompile Include="$(CurrentThirdProjectContentPath)jcsample.c">
      <Filter>Source Files</Filter>
    </ClCompile>
    <ClCompile Include="$(CurrentThirdProjectContentPath)jchuff.c">
      <Filter>Source Files</Filter>
    </ClCompile>
    <ClCompile Include="$(CurrentThirdProjectContentPath)jcdctmgr.c">
      <Filter>Source Files</Filter>
    </ClCompile>
    <ClCompile Include="$(CurrentThirdProjectContentPath)jdapimin.c">
      <Filter>Source Files</Filter>
    </ClCompile>
    <ClCompile Include="$(CurrentThirdProjectContentPath)jdapistd.c">
      <Filter>Source Files</Filter>
    </ClCompile>
    <ClCompile Include="$(CurrentThirdProjectContentPath)jdarith.c">
      <Filter>Source Files</Filter>
    </ClCompile>
    <ClCompile Include="$(CurrentThirdProjectContentPath)jdatasrc.c">
      <Filter>Source Files</Filter>
    </ClCompile>
    <ClCompile Include="$(CurrentThirdProjectContentPath)jdcoefct.c">
      <Filter>Source Files</Filter>
    </ClCompile>
    <ClCompile Include="$(CurrentThirdProjectContentPath)jdcolor.c">
      <Filter>Source Files</Filter>
    </ClCompile>
    <ClCompile Include="$(CurrentThirdProjectContentPath)jddctmgr.c">
      <Filter>Source Files</Filter>
    </ClCompile>
    <ClCompile Include="$(CurrentThirdProjectContentPath)jdhuff.c">
      <Filter>Source Files</Filter>
    </ClCompile>
    <ClCompile Include="$(CurrentThirdProjectContentPath)jdinput.c">
      <Filter>Source Files</Filter>
    </ClCompile>
    <ClCompile Include="$(CurrentThirdProjectContentPath)jdmainct.c">
      <Filter>Source Files</Filter>
    </ClCompile>
    <ClCompile Include="$(CurrentThirdProjectContentPath)jdmarker.c">
      <Filter>Source Files</Filter>
    </ClCompile>
    <ClCompile Include="$(CurrentThirdProjectContentPath)jdmaster.c">
      <Filter>Source Files</Filter>
    </ClCompile>
    <ClCompile Include="$(CurrentThirdProjectContentPath)jdmerge.c">
      <Filter>Source Files</Filter>
    </ClCompile>
    <ClCompile Include="$(CurrentThirdProjectContentPath)jdpostct.c">
      <Filter>Source Files</Filter>
    </ClCompile>
    <ClCompile Include="$(CurrentThirdProjectContentPath)jdsample.c">
      <Filter>Source Files</Filter>
    </ClCompile>
    <ClCompile Include="$(CurrentThirdProjectContentPath)jdtrans.c">
      <Filter>Source Files</Filter>
    </ClCompile>
    <ClCompile Include="$(CurrentThirdProjectContentPath)jfdctflt.c">
      <Filter>Source Files</Filter>
    </ClCompile>
    <ClCompile Include="$(CurrentThirdProjectContentPath)jfdctfst.c">
      <Filter>Source Files</Filter>
    </ClCompile>
    <ClCompile Include="$(CurrentThirdProjectContentPath)jfdctint.c">
      <Filter>Source Files</Filter>
    </ClCompile>
    <ClCompile Include="$(CurrentThirdProjectContentPath)jidctflt.c">
      <Filter>Source Files</Filter>
    </ClCompile>
    <ClCompile Include="$(CurrentThirdProjectContentPath)jidctfst.c">
      <Filter>Source Files</Filter>
    </ClCompile>
    <ClCompile Include="$(CurrentThirdProjectContentPath)jidctint.c">
      <Filter>Source Files</Filter>
    </ClCompile>
    <ClCompile Include="$(CurrentThirdProjectContentPath)jquant1.c">
      <Filter>Source Files</Filter>
    </ClCompile>
    <ClCompile Include="$(CurrentThirdProjectContentPath)jquant2.c">
      <Filter>Source Files</Filter>
    </ClCompile>
  </ItemGroup>
  <ItemGroup>
    <ClInclude Include="$(CurrentThirdProjectContentPath)cderror.h">
      <Filter>Header Files</Filter>
    </ClInclude>
    <ClInclude Include="$(CurrentThirdProjectContentPath)cdjpeg.h">
      <Filter>Header Files</Filter>
    </ClInclude>
    <ClInclude Include="$(CurrentThirdProjectContentPath)jconfig.h">
      <Filter>Header Files</Filter>
    </ClInclude>
    <ClInclude Include="$(CurrentThirdProjectContentPath)jdct.h">
      <Filter>Header Files</Filter>
    </ClInclude>
    <ClInclude Include="$(CurrentThirdProjectContentPath)jerror.h">
      <Filter>Header Files</Filter>
    </ClInclude>
    <ClInclude Include="$(CurrentThirdProjectContentPath)jinclude.h">
      <Filter>Header Files</Filter>
    </ClInclude>
    <ClInclude Include="$(CurrentThirdProjectContentPath)jmemsys.h">
      <Filter>Header Files</Filter>
    </ClInclude>
    <ClInclude Include="$(CurrentThirdProjectContentPath)jmorecfg.h">
      <Filter>Header Files</Filter>
    </ClInclude>
    <ClInclude Include="$(CurrentThirdProjectContentPath)jpegint.h">
      <Filter>Header Files</Filter>
    </ClInclude>
    <ClInclude Include="$(CurrentThirdProjectContentPath)jpeglib.h">
      <Filter>Header Files</Filter>
    </ClInclude>
    <ClInclude Include="$(CurrentThirdProjectContentPath)jversion.h">
      <Filter>Header Files</Filter>
    </ClInclude>
    <ClInclude Include="$(CurrentThirdProjectContentPath)transupp.h">
      <Filter>Header Files</Filter>
    </ClInclude>
  </ItemGroup>
</Project>